{
  "name": "Group-22",
  "lockfileVersion": 3,
  "requires": true,
  "packages": {
    "": {
      "dependencies": {
        "clsx": "^2.1.0",
        "framer-motion": "^11.0.24",
        "tailwind-merge": "^2.2.2"
      },
      "devDependencies": {
        "prisma": "^5.12.1"
      }
    },
    "node_modules/@babel/runtime": {
      "version": "7.24.1",
      "resolved": "https://registry.npmjs.org/@babel/runtime/-/runtime-7.24.1.tgz",
      "integrity": "sha512-+BIznRzyqBf+2wCTxcKE3wDjfGeCoVE61KSHGpkzqrLi8qxqFwBeUFyId2cxkTmm55fzDGnm0+yCxaxygrLUnQ==",
      "dependencies": {
        "regenerator-runtime": "^0.14.0"
      },
      "engines": {
        "node": ">=6.9.0"
      }
    },
    "node_modules/@prisma/debug": {
      "version": "5.12.1",
      "resolved": "https://registry.npmjs.org/@prisma/debug/-/debug-5.12.1.tgz",
      "integrity": "sha512-kd/wNsR0klrv79o1ITsbWxYyh4QWuBidvxsXSParPsYSu0ircUmNk3q4ojsgNc3/81b0ozg76iastOG43tbf8A==",
      "dev": true
    },
    "node_modules/@prisma/engines": {
      "version": "5.12.1",
      "resolved": "https://registry.npmjs.org/@prisma/engines/-/engines-5.12.1.tgz",
      "integrity": "sha512-HQDdglLw2bZR/TXD2Y+YfDMvi5Q8H+acbswqOsWyq9pPjBLYJ6gzM+ptlTU/AV6tl0XSZLU1/7F4qaWa8bqpJA==",
      "dev": true,
      "hasInstallScript": true,
      "dependencies": {
        "@prisma/debug": "5.12.1",
        "@prisma/engines-version": "5.12.0-21.473ed3124229e22d881cb7addf559799debae1ab",
        "@prisma/fetch-engine": "5.12.1",
        "@prisma/get-platform": "5.12.1"
      }
    },
    "node_modules/@prisma/engines-version": {
      "version": "5.12.0-21.473ed3124229e22d881cb7addf559799debae1ab",
      "resolved": "https://registry.npmjs.org/@prisma/engines-version/-/engines-version-5.12.0-21.473ed3124229e22d881cb7addf559799debae1ab.tgz",
      "integrity": "sha512-6yvO8s80Tym61aB4QNtYZfWVmE3pwqe807jEtzm8C5VDe7nw8O1FGX3TXUaXmWV0fQTIAfRbeL2Gwrndabp/0g==",
      "dev": true
    },
    "node_modules/@prisma/fetch-engine": {
      "version": "5.12.1",
      "resolved": "https://registry.npmjs.org/@prisma/fetch-engine/-/fetch-engine-5.12.1.tgz",
      "integrity": "sha512-qSs3KcX1HKcea1A+hlJVK/ljj0PNIUHDxAayGMvgJBqmaN32P9tCidlKz1EGv6WoRFICYnk3Dd/YFLBwnFIozA==",
      "dev": true,
      "dependencies": {
        "@prisma/debug": "5.12.1",
        "@prisma/engines-version": "5.12.0-21.473ed3124229e22d881cb7addf559799debae1ab",
        "@prisma/get-platform": "5.12.1"
      }
    },
    "node_modules/@prisma/get-platform": {
      "version": "5.12.1",
      "resolved": "https://registry.npmjs.org/@prisma/get-platform/-/get-platform-5.12.1.tgz",
      "integrity": "sha512-pgIR+pSvhYHiUcqXVEZS31NrFOTENC9yFUdEAcx7cdQBoZPmHVjtjN4Ss6NzVDMYPrKJJ51U14EhEoeuBlMioQ==",
      "dev": true,
      "dependencies": {
        "@prisma/debug": "5.12.1"
      }
    },
    "node_modules/clsx": {
      "version": "2.1.0",
      "resolved": "https://registry.npmjs.org/clsx/-/clsx-2.1.0.tgz",
      "integrity": "sha512-m3iNNWpd9rl3jvvcBnu70ylMdrXt8Vlq4HYadnU5fwcOtvkSQWPmj7amUcDT2qYI7risszBjI5AUIUox9D16pg==",
      "engines": {
        "node": ">=6"
      }
    },
    "node_modules/framer-motion": {
      "version": "11.0.24",
      "resolved": "https://registry.npmjs.org/framer-motion/-/framer-motion-11.0.24.tgz",
      "integrity": "sha512-l2iM8NR53qtcujgAqYvGPJJGModPNWEVUaATRDLfnaLvUoFpImovBm0AHalSSsY8tW6knP8mfJTW4WYGbnAe4w==",
      "dependencies": {
        "tslib": "^2.4.0"
      },
      "peerDependencies": {
        "@emotion/is-prop-valid": "*",
        "react": "^18.0.0",
        "react-dom": "^18.0.0"
      },
      "peerDependenciesMeta": {
        "@emotion/is-prop-valid": {
          "optional": true
        },
        "react": {
          "optional": true
        },
        "react-dom": {
          "optional": true
        }
      }
    },
    "node_modules/prisma": {
      "version": "5.12.1",
      "resolved": "https://registry.npmjs.org/prisma/-/prisma-5.12.1.tgz",
      "integrity": "sha512-SkMnb6wyIxTv9ACqiHBI2u9gD6y98qXRoCoLEnZsF6yee5Qg828G+ARrESN+lQHdw4maSZFFSBPPDpvSiVTo0Q==",
      "dev": true,
      "hasInstallScript": true,
      "dependencies": {
        "@prisma/engines": "5.12.1"
      },
      "bin": {
        "prisma": "build/index.js"
      },
      "engines": {
        "node": ">=16.13"
      }
    },
    "node_modules/regenerator-runtime": {
      "version": "0.14.1",
      "resolved": "https://registry.npmjs.org/regenerator-runtime/-/regenerator-runtime-0.14.1.tgz",
      "integrity": "sha512-dYnhHh0nJoMfnkZs6GmmhFknAGRrLznOu5nc9ML+EJxGvrx6H7teuevqVqCuPcPK//3eDrrjQhehXVx9cnkGdw=="
    },
    "node_modules/tailwind-merge": {
      "version": "2.2.2",
      "resolved": "https://registry.npmjs.org/tailwind-merge/-/tailwind-merge-2.2.2.tgz",
      "integrity": "sha512-tWANXsnmJzgw6mQ07nE3aCDkCK4QdT3ThPMCzawoYA2Pws7vSTCvz3Vrjg61jVUGfFZPJzxEP+NimbcW+EdaDw==",
      "dependencies": {
        "@babel/runtime": "^7.24.0"
      },
      "funding": {
        "type": "github",
        "url": "https://github.com/sponsors/dcastil"
      }
    },
    "node_modules/tslib": {
      "version": "2.6.2",
      "resolved": "https://registry.npmjs.org/tslib/-/tslib-2.6.2.tgz",
      "integrity": "sha512-AEYxH93jGFPn/a2iVAwW87VuUIkR1FVUKB77NwMF7nBTDkDrrT/Hpt/IrCJ0QXhW27jTBDcf5ZY7w6RiqTMw2Q=="
    }
  }
}
